
Microsoft Visual Studio Solution File, Format Version 12.00
# Visual Studio Version 16
VisualStudioVersion = 16.0.30223.230
MinimumVisualStudioVersion = 10.0.40219.1
Project("{FAE04EC0-301F-11D3-BF4B-00C04F79EFBC}") = "NumberRecognitionML", "src\NumberRecognitionML\NumberRecognitionML.csproj", "{042AC4AC-1787-4C6E-9380-6B1DC5B94295}"
EndProject
Global
	GlobalSection(SolutionConfigurationPlatforms) = preSolution
		Debug|Any CPU = Debug|Any CPU
		Release|Any CPU = Release|Any CPU
	EndGlobalSection
	GlobalSection(ProjectConfigurationPlatforms) = postSolution
		{042AC4AC-1787-4C6E-9380-6B1DC5B94295}.Debug|Any CPU.ActiveCfg = Debug|Any CPU
		{042AC4AC-1787-4C6E-9380-6B1DC5B94295}.Debug|Any CPU.Build.0 = Debug|Any CPU
		{042AC4AC-1787-4C6E-9380-6B1DC5B94295}.Release|Any CPU.ActiveCfg = Release|Any CPU
		{042AC4AC-1787-4C6E-9380-6B1DC5B94295}.Release|Any CPU.Build.0 = Release|Any CPU
	EndGlobalSection
	GlobalSection(SolutionProperties) = preSolution
		HideSolutionNode = FALSE
	EndGlobalSection
	GlobalSection(ExtensibilityGlobals) = postSolution
		SolutionGuid = {6B819C1A-08A8-494D-B2E1-16CA93059130}
	EndGlobalSection
EndGlobal
